
Microsoft Visual Studio Solution File, Format Version 12.00
# Visual Studio Version 17
VisualStudioVersion = 17.0.31903.59
MinimumVisualStudioVersion = 10.0.40219.1
Project("{9A19103F-16F7-4668-BE54-9A1E7A4F7556}") = "AsyncSpark", "AsyncSpark\AsyncSpark.csproj", "{24351C46-9B8C-4983-9933-C64CC57FC6B0}"
EndProject
Project("{9A19103F-16F7-4668-BE54-9A1E7A4F7556}") = "AsyncSpark.Tests", "AsyncSpark.Tests\AsyncSpark.Tests.csproj", "{73876C56-8E74-4B8A-9BB7-20420B2A9A25}"
EndProject
Project("{2150E333-8FDC-42A3-9474-1A3956D46DE8}") = "Solution Items", "Solution Items", "{50310230-0E60-41C1-91B1-AB072CCC3699}"
	ProjectSection(SolutionItems) = preProject
		.github\workflows\main_AsyncSparkweb.yml = .github\workflows\main_AsyncSparkweb.yml
		README.md = README.md
	EndProjectSection
EndProject
Project("{2150E333-8FDC-42A3-9474-1A3956D46DE8}") = "Tests", "Tests", "{F7553FB1-47B5-4592-848A-01C1476D296E}"
EndProject
Project("{9A19103F-16F7-4668-BE54-9A1E7A4F7556}") = "AsyncSpark.Console", "AsyncSpark.Console\AsyncSpark.Console.csproj", "{A2862922-D76B-48BC-86C0-430CD7690F2F}"
EndProject
Project("{9A19103F-16F7-4668-BE54-9A1E7A4F7556}") = "AsyncSpark.Weather", "AsyncSpark.Weather\AsyncSpark.Weather.csproj", "{7DFDACA1-F6BE-4CF2-8AF9-2C50E4373EC5}"
EndProject
Project("{9A19103F-16F7-4668-BE54-9A1E7A4F7556}") = "AsyncSpark.Web", "AsyncSpark.Web\AsyncSpark.Web.csproj", "{F5CEE012-A665-41AC-AE39-7CBE8543934B}"
EndProject
Global
	GlobalSection(SolutionConfigurationPlatforms) = preSolution
		Debug|Any CPU = Debug|Any CPU
		Release|Any CPU = Release|Any CPU
	EndGlobalSection
	GlobalSection(ProjectConfigurationPlatforms) = postSolution
		{24351C46-9B8C-4983-9933-C64CC57FC6B0}.Debug|Any CPU.ActiveCfg = Debug|Any CPU
		{24351C46-9B8C-4983-9933-C64CC57FC6B0}.Debug|Any CPU.Build.0 = Debug|Any CPU
		{24351C46-9B8C-4983-9933-C64CC57FC6B0}.Release|Any CPU.ActiveCfg = Release|Any CPU
		{24351C46-9B8C-4983-9933-C64CC57FC6B0}.Release|Any CPU.Build.0 = Release|Any CPU
		{73876C56-8E74-4B8A-9BB7-20420B2A9A25}.Debug|Any CPU.ActiveCfg = Debug|Any CPU
		{73876C56-8E74-4B8A-9BB7-20420B2A9A25}.Debug|Any CPU.Build.0 = Debug|Any CPU
		{73876C56-8E74-4B8A-9BB7-20420B2A9A25}.Release|Any CPU.ActiveCfg = Release|Any CPU
		{73876C56-8E74-4B8A-9BB7-20420B2A9A25}.Release|Any CPU.Build.0 = Release|Any CPU
		{A2862922-D76B-48BC-86C0-430CD7690F2F}.Debug|Any CPU.ActiveCfg = Debug|Any CPU
		{A2862922-D76B-48BC-86C0-430CD7690F2F}.Debug|Any CPU.Build.0 = Debug|Any CPU
		{A2862922-D76B-48BC-86C0-430CD7690F2F}.Release|Any CPU.ActiveCfg = Release|Any CPU
		{A2862922-D76B-48BC-86C0-430CD7690F2F}.Release|Any CPU.Build.0 = Release|Any CPU
		{7DFDACA1-F6BE-4CF2-8AF9-2C50E4373EC5}.Debug|Any CPU.ActiveCfg = Debug|Any CPU
		{7DFDACA1-F6BE-4CF2-8AF9-2C50E4373EC5}.Debug|Any CPU.Build.0 = Debug|Any CPU
		{7DFDACA1-F6BE-4CF2-8AF9-2C50E4373EC5}.Release|Any CPU.ActiveCfg = Release|Any CPU
		{7DFDACA1-F6BE-4CF2-8AF9-2C50E4373EC5}.Release|Any CPU.Build.0 = Release|Any CPU
		{F5CEE012-A665-41AC-AE39-7CBE8543934B}.Debug|Any CPU.ActiveCfg = Debug|Any CPU
		{F5CEE012-A665-41AC-AE39-7CBE8543934B}.Debug|Any CPU.Build.0 = Debug|Any CPU
		{F5CEE012-A665-41AC-AE39-7CBE8543934B}.Release|Any CPU.ActiveCfg = Release|Any CPU
		{F5CEE012-A665-41AC-AE39-7CBE8543934B}.Release|Any CPU.Build.0 = Release|Any CPU
	EndGlobalSection
	GlobalSection(SolutionProperties) = preSolution
		HideSolutionNode = FALSE
	EndGlobalSection
	GlobalSection(NestedProjects) = preSolution
		{73876C56-8E74-4B8A-9BB7-20420B2A9A25} = {F7553FB1-47B5-4592-848A-01C1476D296E}
		{A2862922-D76B-48BC-86C0-430CD7690F2F} = {F7553FB1-47B5-4592-848A-01C1476D296E}
	EndGlobalSection
	GlobalSection(ExtensibilityGlobals) = postSolution
		SolutionGuid = {2E37BD0A-C762-4810-B82A-CBF7252816F1}
	EndGlobalSection
EndGlobal
