Microsoft Visual Studio Solution File, Format Version 12.00
# Visual Studio Version 17
VisualStudioVersion = 17.5.2.0
MinimumVisualStudioVersion = 10.0.40219.1
Project("{FAE04EC0-301F-11D3-BF4B-00C04F79EFBC}") = "AsyncSpark.Web", "AsyncSpark.Web.csproj", "{2E366E9A-419F-79BD-7FE5-8F37FD84E446}"
EndProject
Global
	GlobalSection(SolutionConfigurationPlatforms) = preSolution
		Debug|Any CPU = Debug|Any CPU
		Release|Any CPU = Release|Any CPU
	EndGlobalSection
	GlobalSection(ProjectConfigurationPlatforms) = postSolution
		{2E366E9A-419F-79BD-7FE5-8F37FD84E446}.Debug|Any CPU.ActiveCfg = Debug|Any CPU
		{2E366E9A-419F-79BD-7FE5-8F37FD84E446}.Debug|Any CPU.Build.0 = Debug|Any CPU
		{2E366E9A-419F-79BD-7FE5-8F37FD84E446}.Release|Any CPU.ActiveCfg = Release|Any CPU
		{2E366E9A-419F-79BD-7FE5-8F37FD84E446}.Release|Any CPU.Build.0 = Release|Any CPU
	EndGlobalSection
	GlobalSection(SolutionProperties) = preSolution
		HideSolutionNode = FALSE
	EndGlobalSection
	GlobalSection(ExtensibilityGlobals) = postSolution
		SolutionGuid = {85EF1A94-4F19-44D3-9B26-C948D34242A1}
	EndGlobalSection
EndGlobal
